// !$*UTF8*$!
{
	archiveVersion = 1;
	classes = {
	};
	objectVersion = 55;
	objects = {

/* Begin PBXBuildFile section */
		8D5A6BF428802C9D007B5277 /* AppDelegate.swift in Sources */ = {isa = PBXBuildFile; fileRef = 8D5A6BF328802C9D007B5277 /* AppDelegate.swift */; };
		8D5A6BF628802C9D007B5277 /* SceneDelegate.swift in Sources */ = {isa = PBXBuildFile; fileRef = 8D5A6BF528802C9D007B5277 /* SceneDelegate.swift */; };
		8D5A6BF828802C9D007B5277 /* NewsView.swift in Sources */ = {isa = PBXBuildFile; fileRef = 8D5A6BF728802C9D007B5277 /* NewsView.swift */; };
		8D5A6BFB28802C9D007B5277 /* Main.storyboard in Resources */ = {isa = PBXBuildFile; fileRef = 8D5A6BF928802C9D007B5277 /* Main.storyboard */; };
		8D5A6BFD28802C9E007B5277 /* Assets.xcassets in Resources */ = {isa = PBXBuildFile; fileRef = 8D5A6BFC28802C9E007B5277 /* Assets.xcassets */; };
		8D5A6C0028802C9E007B5277 /* LaunchScreen.storyboard in Resources */ = {isa = PBXBuildFile; fileRef = 8D5A6BFE28802C9E007B5277 /* LaunchScreen.storyboard */; };
		8D5A6C1428802CD8007B5277 /* demo_combine_mvvm_model.framework in Frameworks */ = {isa = PBXBuildFile; fileRef = 8D5A6C0C28802CD8007B5277 /* demo_combine_mvvm_model.framework */; };
		8D5A6C1F28802CD8007B5277 /* demo_combine_mvvm_model.framework in Frameworks */ = {isa = PBXBuildFile; fileRef = 8D5A6C0C28802CD8007B5277 /* demo_combine_mvvm_model.framework */; };
		8D5A6C2028802CD8007B5277 /* demo_combine_mvvm_model.framework in Embed Frameworks */ = {isa = PBXBuildFile; fileRef = 8D5A6C0C28802CD8007B5277 /* demo_combine_mvvm_model.framework */; settings = {ATTRIBUTES = (CodeSignOnCopy, RemoveHeadersOnCopy, ); }; };
		8D7D5DE3288060E70042C7A4 /* NewsViewModel.swift in Sources */ = {isa = PBXBuildFile; fileRef = 8D7D5DE2288060E70042C7A4 /* NewsViewModel.swift */; };
		8D7D5DE6288061800042C7A4 /* NewsAPI.swift in Sources */ = {isa = PBXBuildFile; fileRef = 8D7D5DE5288061800042C7A4 /* NewsAPI.swift */; };
		8D7D5DE92880634C0042C7A4 /* URLComponents+.swift in Sources */ = {isa = PBXBuildFile; fileRef = 8D7D5DE82880634C0042C7A4 /* URLComponents+.swift */; };
		8D7D5DEB288070300042C7A4 /* NewsDataPublisher.swift in Sources */ = {isa = PBXBuildFile; fileRef = 8D7D5DEA288070300042C7A4 /* NewsDataPublisher.swift */; };
		8D7D5DED288072A80042C7A4 /* News.swift in Sources */ = {isa = PBXBuildFile; fileRef = 8D7D5DEC288072A80042C7A4 /* News.swift */; };
		8D7D5DEF288162240042C7A4 /* Article.swift in Sources */ = {isa = PBXBuildFile; fileRef = 8D7D5DEE288162240042C7A4 /* Article.swift */; };
		8D7D5DF1288164E50042C7A4 /* Error+.swift in Sources */ = {isa = PBXBuildFile; fileRef = 8D7D5DF0288164E50042C7A4 /* Error+.swift */; };
/* End PBXBuildFile section */

/* Begin PBXContainerItemProxy section */
		8D5A6C1528802CD8007B5277 /* PBXContainerItemProxy */ = {
			isa = PBXContainerItemProxy;
			containerPortal = 8D5A6BE828802C9D007B5277 /* Project object */;
			proxyType = 1;
			remoteGlobalIDString = 8D5A6C0B28802CD8007B5277;
			remoteInfo = "demo-combine-mvvm-model";
		};
		8D5A6C1728802CD8007B5277 /* PBXContainerItemProxy */ = {
			isa = PBXContainerItemProxy;
			containerPortal = 8D5A6BE828802C9D007B5277 /* Project object */;
			proxyType = 1;
			remoteGlobalIDString = 8D5A6BEF28802C9D007B5277;
			remoteInfo = "demo-combine-mvvm";
		};
		8D5A6C1D28802CD8007B5277 /* PBXContainerItemProxy */ = {
			isa = PBXContainerItemProxy;
			containerPortal = 8D5A6BE828802C9D007B5277 /* Project object */;
			proxyType = 1;
			remoteGlobalIDString = 8D5A6C0B28802CD8007B5277;
			remoteInfo = "demo-combine-mvvm-model";
		};
/* End PBXContainerItemProxy section */

/* Begin PBXCopyFilesBuildPhase section */
		8D5A6C2428802CD8007B5277 /* Embed Frameworks */ = {
			isa = PBXCopyFilesBuildPhase;
			buildActionMask = 2147483647;
			dstPath = "";
			dstSubfolderSpec = 10;
			files = (
				8D5A6C2028802CD8007B5277 /* demo_combine_mvvm_model.framework in Embed Frameworks */,
			);
			name = "Embed Frameworks";
			runOnlyForDeploymentPostprocessing = 0;
		};
/* End PBXCopyFilesBuildPhase section */

/* Begin PBXFileReference section */
		8D5A6BF028802C9D007B5277 /* demo-combine-mvvm.app */ = {isa = PBXFileReference; explicitFileType = wrapper.application; includeInIndex = 0; path = "demo-combine-mvvm.app"; sourceTree = BUILT_PRODUCTS_DIR; };
		8D5A6BF328802C9D007B5277 /* AppDelegate.swift */ = {isa = PBXFileReference; lastKnownFileType = sourcecode.swift; path = AppDelegate.swift; sourceTree = "<group>"; };
		8D5A6BF528802C9D007B5277 /* SceneDelegate.swift */ = {isa = PBXFileReference; lastKnownFileType = sourcecode.swift; path = SceneDelegate.swift; sourceTree = "<group>"; };
		8D5A6BF728802C9D007B5277 /* NewsView.swift */ = {isa = PBXFileReference; lastKnownFileType = sourcecode.swift; path = NewsView.swift; sourceTree = "<group>"; };
		8D5A6BFA28802C9D007B5277 /* Base */ = {isa = PBXFileReference; lastKnownFileType = file.storyboard; name = Base; path = Base.lproj/Main.storyboard; sourceTree = "<group>"; };
		8D5A6BFC28802C9E007B5277 /* Assets.xcassets */ = {isa = PBXFileReference; lastKnownFileType = folder.assetcatalog; path = Assets.xcassets; sourceTree = "<group>"; };
		8D5A6BFF28802C9E007B5277 /* Base */ = {isa = PBXFileReference; lastKnownFileType = file.storyboard; name = Base; path = Base.lproj/LaunchScreen.storyboard; sourceTree = "<group>"; };
		8D5A6C0128802C9E007B5277 /* Info.plist */ = {isa = PBXFileReference; lastKnownFileType = text.plist.xml; path = Info.plist; sourceTree = "<group>"; };
		8D5A6C0C28802CD8007B5277 /* demo_combine_mvvm_model.framework */ = {isa = PBXFileReference; explicitFileType = wrapper.framework; includeInIndex = 0; path = demo_combine_mvvm_model.framework; sourceTree = BUILT_PRODUCTS_DIR; };
		8D5A6C1328802CD8007B5277 /* demo-combine-mvvm-modelTests.xctest */ = {isa = PBXFileReference; explicitFileType = wrapper.cfbundle; includeInIndex = 0; path = "demo-combine-mvvm-modelTests.xctest"; sourceTree = BUILT_PRODUCTS_DIR; };
		8D7D5DE2288060E70042C7A4 /* NewsViewModel.swift */ = {isa = PBXFileReference; lastKnownFileType = sourcecode.swift; path = NewsViewModel.swift; sourceTree = "<group>"; };
		8D7D5DE5288061800042C7A4 /* NewsAPI.swift */ = {isa = PBXFileReference; lastKnownFileType = sourcecode.swift; path = NewsAPI.swift; sourceTree = "<group>"; };
		8D7D5DE82880634C0042C7A4 /* URLComponents+.swift */ = {isa = PBXFileReference; lastKnownFileType = sourcecode.swift; path = "URLComponents+.swift"; sourceTree = "<group>"; };
		8D7D5DEA288070300042C7A4 /* NewsDataPublisher.swift */ = {isa = PBXFileReference; lastKnownFileType = sourcecode.swift; path = NewsDataPublisher.swift; sourceTree = "<group>"; };
		8D7D5DEC288072A80042C7A4 /* News.swift */ = {isa = PBXFileReference; lastKnownFileType = sourcecode.swift; path = News.swift; sourceTree = "<group>"; };
		8D7D5DEE288162240042C7A4 /* Article.swift */ = {isa = PBXFileReference; lastKnownFileType = sourcecode.swift; path = Article.swift; sourceTree = "<group>"; };
		8D7D5DF0288164E50042C7A4 /* Error+.swift */ = {isa = PBXFileReference; lastKnownFileType = sourcecode.swift; path = "Error+.swift"; sourceTree = "<group>"; };
/* End PBXFileReference section */

/* Begin PBXFrameworksBuildPhase section */
		8D5A6BED28802C9D007B5277 /* Frameworks */ = {
			isa = PBXFrameworksBuildPhase;
			buildActionMask = 2147483647;
			files = (
				8D5A6C1F28802CD8007B5277 /* demo_combine_mvvm_model.framework in Frameworks */,
			);
			runOnlyForDeploymentPostprocessing = 0;
		};
		8D5A6C0928802CD8007B5277 /* Frameworks */ = {
			isa = PBXFrameworksBuildPhase;
			buildActionMask = 2147483647;
			files = (
			);
			runOnlyForDeploymentPostprocessing = 0;
		};
		8D5A6C1028802CD8007B5277 /* Frameworks */ = {
			isa = PBXFrameworksBuildPhase;
			buildActionMask = 2147483647;
			files = (
				8D5A6C1428802CD8007B5277 /* demo_combine_mvvm_model.framework in Frameworks */,
			);
			runOnlyForDeploymentPostprocessing = 0;
		};
/* End PBXFrameworksBuildPhase section */

/* Begin PBXGroup section */
		8D5A6BE728802C9D007B5277 = {
			isa = PBXGroup;
			children = (
				8D5A6BF228802C9D007B5277 /* demo-combine-mvvm */,
				8D5A6BF128802C9D007B5277 /* Products */,
			);
			sourceTree = "<group>";
		};
		8D5A6BF128802C9D007B5277 /* Products */ = {
			isa = PBXGroup;
			children = (
				8D5A6BF028802C9D007B5277 /* demo-combine-mvvm.app */,
				8D5A6C0C28802CD8007B5277 /* demo_combine_mvvm_model.framework */,
				8D5A6C1328802CD8007B5277 /* demo-combine-mvvm-modelTests.xctest */,
			);
			name = Products;
			sourceTree = "<group>";
		};
		8D5A6BF228802C9D007B5277 /* demo-combine-mvvm */ = {
			isa = PBXGroup;
			children = (
				8D7D5DE42880616A0042C7A4 /* API */,
				8D5A6C2D28802F69007B5277 /* App */,
				8D90339B2880335700E29203 /* Models */,
				8D7D5DE1288060D10042C7A4 /* ViewModel */,
				8D5A6C2E28802F79007B5277 /* Views */,
				8D5A6C2F28802F93007B5277 /* Supporting Files */,
				8D7D5DE7288063380042C7A4 /* Extensions */,
				8D5A6BF928802C9D007B5277 /* Main.storyboard */,
			);
			path = "demo-combine-mvvm";
			sourceTree = "<group>";
		};
		8D5A6C2D28802F69007B5277 /* App */ = {
			isa = PBXGroup;
			children = (
				8D5A6BF328802C9D007B5277 /* AppDelegate.swift */,
				8D5A6BF528802C9D007B5277 /* SceneDelegate.swift */,
			);
			path = App;
			sourceTree = "<group>";
		};
		8D5A6C2E28802F79007B5277 /* Views */ = {
			isa = PBXGroup;
			children = (
				8D5A6BF728802C9D007B5277 /* NewsView.swift */,
			);
			path = Views;
			sourceTree = "<group>";
		};
		8D5A6C2F28802F93007B5277 /* Supporting Files */ = {
			isa = PBXGroup;
			children = (
				8D5A6BFE28802C9E007B5277 /* LaunchScreen.storyboard */,
				8D5A6BFC28802C9E007B5277 /* Assets.xcassets */,
				8D5A6C0128802C9E007B5277 /* Info.plist */,
			);
			path = "Supporting Files";
			sourceTree = "<group>";
		};
		8D7D5DE1288060D10042C7A4 /* ViewModel */ = {
			isa = PBXGroup;
			children = (
				8D7D5DE2288060E70042C7A4 /* NewsViewModel.swift */,
			);
			path = ViewModel;
			sourceTree = "<group>";
		};
		8D7D5DE42880616A0042C7A4 /* API */ = {
			isa = PBXGroup;
			children = (
				8D7D5DE5288061800042C7A4 /* NewsAPI.swift */,
				8D7D5DEA288070300042C7A4 /* NewsDataPublisher.swift */,
			);
			path = API;
			sourceTree = "<group>";
		};
		8D7D5DE7288063380042C7A4 /* Extensions */ = {
			isa = PBXGroup;
			children = (
				8D7D5DE82880634C0042C7A4 /* URLComponents+.swift */,
				8D7D5DF0288164E50042C7A4 /* Error+.swift */,
			);
			path = Extensions;
			sourceTree = "<group>";
		};
		8D90339B2880335700E29203 /* Models */ = {
			isa = PBXGroup;
			children = (
				8D7D5DEC288072A80042C7A4 /* News.swift */,
				8D7D5DEE288162240042C7A4 /* Article.swift */,
			);
			path = Models;
			sourceTree = "<group>";
		};
/* End PBXGroup section */

/* Begin PBXHeadersBuildPhase section */
		8D5A6C0728802CD8007B5277 /* Headers */ = {
			isa = PBXHeadersBuildPhase;
			buildActionMask = 2147483647;
			files = (
			);
			runOnlyForDeploymentPostprocessing = 0;
		};
/* End PBXHeadersBuildPhase section */

/* Begin PBXNativeTarget section */
		8D5A6BEF28802C9D007B5277 /* demo-combine-mvvm */ = {
			isa = PBXNativeTarget;
			buildConfigurationList = 8D5A6C0428802C9E007B5277 /* Build configuration list for PBXNativeTarget "demo-combine-mvvm" */;
			buildPhases = (
				8D5A6BEC28802C9D007B5277 /* Sources */,
				8D5A6BED28802C9D007B5277 /* Frameworks */,
				8D5A6BEE28802C9D007B5277 /* Resources */,
				8D5A6C2428802CD8007B5277 /* Embed Frameworks */,
			);
			buildRules = (
			);
			dependencies = (
				8D5A6C1E28802CD8007B5277 /* PBXTargetDependency */,
			);
			name = "demo-combine-mvvm";
			productName = "demo-combine-mvvm";
			productReference = 8D5A6BF028802C9D007B5277 /* demo-combine-mvvm.app */;
			productType = "com.apple.product-type.application";
		};
		8D5A6C0B28802CD8007B5277 /* demo-combine-mvvm-model */ = {
			isa = PBXNativeTarget;
			buildConfigurationList = 8D5A6C2128802CD8007B5277 /* Build configuration list for PBXNativeTarget "demo-combine-mvvm-model" */;
			buildPhases = (
				8D5A6C0728802CD8007B5277 /* Headers */,
				8D5A6C0828802CD8007B5277 /* Sources */,
				8D5A6C0928802CD8007B5277 /* Frameworks */,
				8D5A6C0A28802CD8007B5277 /* Resources */,
			);
			buildRules = (
			);
			dependencies = (
			);
			name = "demo-combine-mvvm-model";
			productName = "demo-combine-mvvm-model";
			productReference = 8D5A6C0C28802CD8007B5277 /* demo_combine_mvvm_model.framework */;
			productType = "com.apple.product-type.framework";
		};
		8D5A6C1228802CD8007B5277 /* demo-combine-mvvm-modelTests */ = {
			isa = PBXNativeTarget;
			buildConfigurationList = 8D5A6C2528802CD8007B5277 /* Build configuration list for PBXNativeTarget "demo-combine-mvvm-modelTests" */;
			buildPhases = (
				8D5A6C0F28802CD8007B5277 /* Sources */,
				8D5A6C1028802CD8007B5277 /* Frameworks */,
				8D5A6C1128802CD8007B5277 /* Resources */,
			);
			buildRules = (
			);
			dependencies = (
				8D5A6C1628802CD8007B5277 /* PBXTargetDependency */,
				8D5A6C1828802CD8007B5277 /* PBXTargetDependency */,
			);
			name = "demo-combine-mvvm-modelTests";
			productName = "demo-combine-mvvm-modelTests";
			productReference = 8D5A6C1328802CD8007B5277 /* demo-combine-mvvm-modelTests.xctest */;
			productType = "com.apple.product-type.bundle.unit-test";
		};
/* End PBXNativeTarget section */

/* Begin PBXProject section */
		8D5A6BE828802C9D007B5277 /* Project object */ = {
			isa = PBXProject;
			attributes = {
				BuildIndependentTargetsInParallel = 1;
				LastSwiftUpdateCheck = 1340;
				LastUpgradeCheck = 1340;
				TargetAttributes = {
					8D5A6BEF28802C9D007B5277 = {
						CreatedOnToolsVersion = 13.4.1;
					};
					8D5A6C0B28802CD8007B5277 = {
						CreatedOnToolsVersion = 13.4.1;
						LastSwiftMigration = 1340;
					};
					8D5A6C1228802CD8007B5277 = {
						CreatedOnToolsVersion = 13.4.1;
						TestTargetID = 8D5A6BEF28802C9D007B5277;
					};
				};
			};
			buildConfigurationList = 8D5A6BEB28802C9D007B5277 /* Build configuration list for PBXProject "demo-combine-mvvm" */;
			compatibilityVersion = "Xcode 13.0";
			developmentRegion = en;
			hasScannedForEncodings = 0;
			knownRegions = (
				en,
				Base,
			);
			mainGroup = 8D5A6BE728802C9D007B5277;
			productRefGroup = 8D5A6BF128802C9D007B5277 /* Products */;
			projectDirPath = "";
			projectRoot = "";
			targets = (
				8D5A6BEF28802C9D007B5277 /* demo-combine-mvvm */,
				8D5A6C0B28802CD8007B5277 /* demo-combine-mvvm-model */,
				8D5A6C1228802CD8007B5277 /* demo-combine-mvvm-modelTests */,
			);
		};
/* End PBXProject section */

/* Begin PBXResourcesBuildPhase section */
		8D5A6BEE28802C9D007B5277 /* Resources */ = {
			isa = PBXResourcesBuildPhase;
			buildActionMask = 2147483647;
			files = (
				8D5A6C0028802C9E007B5277 /* LaunchScreen.storyboard in Resources */,
				8D5A6BFD28802C9E007B5277 /* Assets.xcassets in Resources */,
				8D5A6BFB28802C9D007B5277 /* Main.storyboard in Resources */,
			);
			runOnlyForDeploymentPostprocessing = 0;
		};
		8D5A6C0A28802CD8007B5277 /* Resources */ = {
			isa = PBXResourcesBuildPhase;
			buildActionMask = 2147483647;
			files = (
			);
			runOnlyForDeploymentPostprocessing = 0;
		};
		8D5A6C1128802CD8007B5277 /* Resources */ = {
			isa = PBXResourcesBuildPhase;
			buildActionMask = 2147483647;
			files = (
			);
			runOnlyForDeploymentPostprocessing = 0;
		};
/* End PBXResourcesBuildPhase section */

/* Begin PBXSourcesBuildPhase section */
		8D5A6BEC28802C9D007B5277 /* Sources */ = {
			isa = PBXSourcesBuildPhase;
			buildActionMask = 2147483647;
			files = (
				8D5A6BF828802C9D007B5277 /* NewsView.swift in Sources */,
				8D5A6BF428802C9D007B5277 /* AppDelegate.swift in Sources */,
				8D7D5DEF288162240042C7A4 /* Article.swift in Sources */,
				8D7D5DED288072A80042C7A4 /* News.swift in Sources */,
				8D7D5DE6288061800042C7A4 /* NewsAPI.swift in Sources */,
				8D7D5DE92880634C0042C7A4 /* URLComponents+.swift in Sources */,
				8D7D5DF1288164E50042C7A4 /* Error+.swift in Sources */,
				8D5A6BF628802C9D007B5277 /* SceneDelegate.swift in Sources */,
				8D7D5DEB288070300042C7A4 /* NewsDataPublisher.swift in Sources */,
				8D7D5DE3288060E70042C7A4 /* NewsViewModel.swift in Sources */,
			);
			runOnlyForDeploymentPostprocessing = 0;
		};
		8D5A6C0828802CD8007B5277 /* Sources */ = {
			isa = PBXSourcesBuildPhase;
			buildActionMask = 2147483647;
			files = (
			);
			runOnlyForDeploymentPostprocessing = 0;
		};
		8D5A6C0F28802CD8007B5277 /* Sources */ = {
			isa = PBXSourcesBuildPhase;
			buildActionMask = 2147483647;
			files = (
			);
			runOnlyForDeploymentPostprocessing = 0;
		};
/* End PBXSourcesBuildPhase section */

/* Begin PBXTargetDependency section */
		8D5A6C1628802CD8007B5277 /* PBXTargetDependency */ = {
			isa = PBXTargetDependency;
			target = 8D5A6C0B28802CD8007B5277 /* demo-combine-mvvm-model */;
			targetProxy = 8D5A6C1528802CD8007B5277 /* PBXContainerItemProxy */;
		};
		8D5A6C1828802CD8007B5277 /* PBXTargetDependency */ = {
			isa = PBXTargetDependency;
			target = 8D5A6BEF28802C9D007B5277 /* demo-combine-mvvm */;
			targetProxy = 8D5A6C1728802CD8007B5277 /* PBXContainerItemProxy */;
		};
		8D5A6C1E28802CD8007B5277 /* PBXTargetDependency */ = {
			isa = PBXTargetDependency;
			target = 8D5A6C0B28802CD8007B5277 /* demo-combine-mvvm-model */;
			targetProxy = 8D5A6C1D28802CD8007B5277 /* PBXContainerItemProxy */;
		};
/* End PBXTargetDependency section */

/* Begin PBXVariantGroup section */
		8D5A6BF928802C9D007B5277 /* Main.storyboard */ = {
			isa = PBXVariantGroup;
			children = (
				8D5A6BFA28802C9D007B5277 /* Base */,
			);
			name = Main.storyboard;
			sourceTree = "<group>";
		};
		8D5A6BFE28802C9E007B5277 /* LaunchScreen.storyboard */ = {
			isa = PBXVariantGroup;
			children = (
				8D5A6BFF28802C9E007B5277 /* Base */,
			);
			name = LaunchScreen.storyboard;
			sourceTree = "<group>";
		};
/* End PBXVariantGroup section */

/* Begin XCBuildConfiguration section */
		8D5A6C0228802C9E007B5277 /* Debug */ = {
			isa = XCBuildConfiguration;
			buildSettings = {
				ALWAYS_SEARCH_USER_PATHS = NO;
				CLANG_ANALYZER_NONNULL = YES;
				CLANG_ANALYZER_NUMBER_OBJECT_CONVERSION = YES_AGGRESSIVE;
				CLANG_CXX_LANGUAGE_STANDARD = "gnu++17";
				CLANG_ENABLE_MODULES = YES;
				CLANG_ENABLE_OBJC_ARC = YES;
				CLANG_ENABLE_OBJC_WEAK = YES;
				CLANG_WARN_BLOCK_CAPTURE_AUTORELEASING = YES;
				CLANG_WARN_BOOL_CONVERSION = YES;
				CLANG_WARN_COMMA = YES;
				CLANG_WARN_CONSTANT_CONVERSION = YES;
				CLANG_WARN_DEPRECATED_OBJC_IMPLEMENTATIONS = YES;
				CLANG_WARN_DIRECT_OBJC_ISA_USAGE = YES_ERROR;
				CLANG_WARN_DOCUMENTATION_COMMENTS = YES;
				CLANG_WARN_EMPTY_BODY = YES;
				CLANG_WARN_ENUM_CONVERSION = YES;
				CLANG_WARN_INFINITE_RECURSION = YES;
				CLANG_WARN_INT_CONVERSION = YES;
				CLANG_WARN_NON_LITERAL_NULL_CONVERSION = YES;
				CLANG_WARN_OBJC_IMPLICIT_RETAIN_SELF = YES;
				CLANG_WARN_OBJC_LITERAL_CONVERSION = YES;
				CLANG_WARN_OBJC_ROOT_CLASS = YES_ERROR;
				CLANG_WARN_QUOTED_INCLUDE_IN_FRAMEWORK_HEADER = YES;
				CLANG_WARN_RANGE_LOOP_ANALYSIS = YES;
				CLANG_WARN_STRICT_PROTOTYPES = YES;
				CLANG_WARN_SUSPICIOUS_MOVE = YES;
				CLANG_WARN_UNGUARDED_AVAILABILITY = YES_AGGRESSIVE;
				CLANG_WARN_UNREACHABLE_CODE = YES;
				CLANG_WARN__DUPLICATE_METHOD_MATCH = YES;
				COPY_PHASE_STRIP = NO;
				DEBUG_INFORMATION_FORMAT = dwarf;
				ENABLE_STRICT_OBJC_MSGSEND = YES;
				ENABLE_TESTABILITY = YES;
				GCC_C_LANGUAGE_STANDARD = gnu11;
				GCC_DYNAMIC_NO_PIC = NO;
				GCC_NO_COMMON_BLOCKS = YES;
				GCC_OPTIMIZATION_LEVEL = 0;
				GCC_PREPROCESSOR_DEFINITIONS = (
					"DEBUG=1",
					"$(inherited)",
				);
				GCC_WARN_64_TO_32_BIT_CONVERSION = YES;
				GCC_WARN_ABOUT_RETURN_TYPE = YES_ERROR;
				GCC_WARN_UNDECLARED_SELECTOR = YES;
				GCC_WARN_UNINITIALIZED_AUTOS = YES_AGGRESSIVE;
				GCC_WARN_UNUSED_FUNCTION = YES;
				GCC_WARN_UNUSED_VARIABLE = YES;
				IPHONEOS_DEPLOYMENT_TARGET = 15.5;
				MTL_ENABLE_DEBUG_INFO = INCLUDE_SOURCE;
				MTL_FAST_MATH = YES;
				ONLY_ACTIVE_ARCH = YES;
				SDKROOT = iphoneos;
				SWIFT_ACTIVE_COMPILATION_CONDITIONS = DEBUG;
				SWIFT_OPTIMIZATION_LEVEL = "-Onone";
			};
			name = Debug;
		};
		8D5A6C0328802C9E007B5277 /* Release */ = {
			isa = XCBuildConfiguration;
			buildSettings = {
				ALWAYS_SEARCH_USER_PATHS = NO;
				CLANG_ANALYZER_NONNULL = YES;
				CLANG_ANALYZER_NUMBER_OBJECT_CONVERSION = YES_AGGRESSIVE;
				CLANG_CXX_LANGUAGE_STANDARD = "gnu++17";
				CLANG_ENABLE_MODULES = YES;
				CLANG_ENABLE_OBJC_ARC = YES;
				CLANG_ENABLE_OBJC_WEAK = YES;
				CLANG_WARN_BLOCK_CAPTURE_AUTORELEASING = YES;
				CLANG_WARN_BOOL_CONVERSION = YES;
				CLANG_WARN_COMMA = YES;
				CLANG_WARN_CONSTANT_CONVERSION = YES;
				CLANG_WARN_DEPRECATED_OBJC_IMPLEMENTATIONS = YES;
				CLANG_WARN_DIRECT_OBJC_ISA_USAGE = YES_ERROR;
				CLANG_WARN_DOCUMENTATION_COMMENTS = YES;
				CLANG_WARN_EMPTY_BODY = YES;
				CLANG_WARN_ENUM_CONVERSION = YES;
				CLANG_WARN_INFINITE_RECURSION = YES;
				CLANG_WARN_INT_CONVERSION = YES;
				CLANG_WARN_NON_LITERAL_NULL_CONVERSION = YES;
				CLANG_WARN_OBJC_IMPLICIT_RETAIN_SELF = YES;
				CLANG_WARN_OBJC_LITERAL_CONVERSION = YES;
				CLANG_WARN_OBJC_ROOT_CLASS = YES_ERROR;
				CLANG_WARN_QUOTED_INCLUDE_IN_FRAMEWORK_HEADER = YES;
				CLANG_WARN_RANGE_LOOP_ANALYSIS = YES;
				CLANG_WARN_STRICT_PROTOTYPES = YES;
				CLANG_WARN_SUSPICIOUS_MOVE = YES;
				CLANG_WARN_UNGUARDED_AVAILABILITY = YES_AGGRESSIVE;
				CLANG_WARN_UNREACHABLE_CODE = YES;
				CLANG_WARN__DUPLICATE_METHOD_MATCH = YES;
				COPY_PHASE_STRIP = NO;
				DEBUG_INFORMATION_FORMAT = "dwarf-with-dsym";
				ENABLE_NS_ASSERTIONS = NO;
				ENABLE_STRICT_OBJC_MSGSEND = YES;
				GCC_C_LANGUAGE_STANDARD = gnu11;
				GCC_NO_COMMON_BLOCKS = YES;
				GCC_WARN_64_TO_32_BIT_CONVERSION = YES;
				GCC_WARN_ABOUT_RETURN_TYPE = YES_ERROR;
				GCC_WARN_UNDECLARED_SELECTOR = YES;
				GCC_WARN_UNINITIALIZED_AUTOS = YES_AGGRESSIVE;
				GCC_WARN_UNUSED_FUNCTION = YES;
				GCC_WARN_UNUSED_VARIABLE = YES;
				IPHONEOS_DEPLOYMENT_TARGET = 15.5;
				MTL_ENABLE_DEBUG_INFO = NO;
				MTL_FAST_MATH = YES;
				SDKROOT = iphoneos;
				SWIFT_COMPILATION_MODE = wholemodule;
				SWIFT_OPTIMIZATION_LEVEL = "-O";
				VALIDATE_PRODUCT = YES;
			};
			name = Release;
		};
		8D5A6C0528802C9E007B5277 /* Debug */ = {
			isa = XCBuildConfiguration;
			buildSettings = {
				ASSETCATALOG_COMPILER_APPICON_NAME = AppIcon;
				ASSETCATALOG_COMPILER_GLOBAL_ACCENT_COLOR_NAME = AccentColor;
				CODE_SIGN_STYLE = Automatic;
				CURRENT_PROJECT_VERSION = 2;
				DEVELOPMENT_TEAM = RMFRRSQ9CJ;
				GENERATE_INFOPLIST_FILE = YES;
				INFOPLIST_FILE = "demo-combine-mvvm/Supporting Files/Info.plist";
				INFOPLIST_KEY_UIApplicationSupportsIndirectInputEvents = YES;
				INFOPLIST_KEY_UILaunchStoryboardName = LaunchScreen;
				INFOPLIST_KEY_UIMainStoryboardFile = Main;
				INFOPLIST_KEY_UISupportedInterfaceOrientations_iPad = "UIInterfaceOrientationPortrait UIInterfaceOrientationPortraitUpsideDown UIInterfaceOrientationLandscapeLeft UIInterfaceOrientationLandscapeRight";
				INFOPLIST_KEY_UISupportedInterfaceOrientations_iPhone = "UIInterfaceOrientationPortrait UIInterfaceOrientationLandscapeLeft UIInterfaceOrientationLandscapeRight";
				LD_RUNPATH_SEARCH_PATHS = (
					"$(inherited)",
					"@executable_path/Frameworks",
				);
				MARKETING_VERSION = 2.0;
				PRODUCT_BUNDLE_IDENTIFIER = "yuhsuan.demo-combine-mvvm";
				PRODUCT_NAME = "$(TARGET_NAME)";
				SWIFT_EMIT_LOC_STRINGS = YES;
				SWIFT_VERSION = 5.0;
				TARGETED_DEVICE_FAMILY = "1,2";
			};
			name = Debug;
		};
		8D5A6C0628802C9E007B5277 /* Release */ = {
			isa = XCBuildConfiguration;
			buildSettings = {
				ASSETCATALOG_COMPILER_APPICON_NAME = AppIcon;
				ASSETCATALOG_COMPILER_GLOBAL_ACCENT_COLOR_NAME = AccentColor;
				CODE_SIGN_STYLE = Automatic;
				CURRENT_PROJECT_VERSION = 2;
				DEVELOPMENT_TEAM = RMFRRSQ9CJ;
				GENERATE_INFOPLIST_FILE = YES;
				INFOPLIST_FILE = "demo-combine-mvvm/Supporting Files/Info.plist";
				INFOPLIST_KEY_UIApplicationSupportsIndirectInputEvents = YES;
				INFOPLIST_KEY_UILaunchStoryboardName = LaunchScreen;
				INFOPLIST_KEY_UIMainStoryboardFile = Main;
				INFOPLIST_KEY_UISupportedInterfaceOrientations_iPad = "UIInterfaceOrientationPortrait UIInterfaceOrientationPortraitUpsideDown UIInterfaceOrientationLandscapeLeft UIInterfaceOrientationLandscapeRight";
				INFOPLIST_KEY_UISupportedInterfaceOrientations_iPhone = "UIInterfaceOrientationPortrait UIInterfaceOrientationLandscapeLeft UIInterfaceOrientationLandscapeRight";
				LD_RUNPATH_SEARCH_PATHS = (
					"$(inherited)",
					"@executable_path/Frameworks",
				);
				MARKETING_VERSION = 2.0;
				PRODUCT_BUNDLE_IDENTIFIER = "yuhsuan.demo-combine-mvvm";
				PRODUCT_NAME = "$(TARGET_NAME)";
				SWIFT_EMIT_LOC_STRINGS = YES;
				SWIFT_VERSION = 5.0;
				TARGETED_DEVICE_FAMILY = "1,2";
			};
			name = Release;
		};
		8D5A6C2228802CD8007B5277 /* Debug */ = {
			isa = XCBuildConfiguration;
			buildSettings = {
				CLANG_ENABLE_MODULES = YES;
				CODE_SIGN_STYLE = Automatic;
				CURRENT_PROJECT_VERSION = 2;
				DEFINES_MODULE = YES;
				DEVELOPMENT_TEAM = RMFRRSQ9CJ;
				DYLIB_COMPATIBILITY_VERSION = 1;
				DYLIB_CURRENT_VERSION = 1;
				DYLIB_INSTALL_NAME_BASE = "@rpath";
				GENERATE_INFOPLIST_FILE = YES;
				INFOPLIST_KEY_NSHumanReadableCopyright = "";
				INSTALL_PATH = "$(LOCAL_LIBRARY_DIR)/Frameworks";
				LD_RUNPATH_SEARCH_PATHS = (
					"$(inherited)",
					"@executable_path/Frameworks",
					"@loader_path/Frameworks",
				);
				MARKETING_VERSION = 2.0;
				PRODUCT_BUNDLE_IDENTIFIER = "yuhsuan.demo-combine-mvvm-model";
				PRODUCT_NAME = "$(TARGET_NAME:c99extidentifier)";
				SKIP_INSTALL = YES;
				SWIFT_EMIT_LOC_STRINGS = YES;
				SWIFT_OPTIMIZATION_LEVEL = "-Onone";
				SWIFT_VERSION = 5.0;
				TARGETED_DEVICE_FAMILY = "1,2";
				VERSIONING_SYSTEM = "apple-generic";
				VERSION_INFO_PREFIX = "";
			};
			name = Debug;
		};
		8D5A6C2328802CD8007B5277 /* Release */ = {
			isa = XCBuildConfiguration;
			buildSettings = {
				CLANG_ENABLE_MODULES = YES;
				CODE_SIGN_STYLE = Automatic;
				CURRENT_PROJECT_VERSION = 2;
				DEFINES_MODULE = YES;
				DEVELOPMENT_TEAM = RMFRRSQ9CJ;
				DYLIB_COMPATIBILITY_VERSION = 1;
				DYLIB_CURRENT_VERSION = 1;
				DYLIB_INSTALL_NAME_BASE = "@rpath";
				GENERATE_INFOPLIST_FILE = YES;
				INFOPLIST_KEY_NSHumanReadableCopyright = "";
				INSTALL_PATH = "$(LOCAL_LIBRARY_DIR)/Frameworks";
				LD_RUNPATH_SEARCH_PATHS = (
					"$(inherited)",
					"@executable_path/Frameworks",
					"@loader_path/Frameworks",
				);
				MARKETING_VERSION = 2.0;
				PRODUCT_BUNDLE_IDENTIFIER = "yuhsuan.demo-combine-mvvm-model";
				PRODUCT_NAME = "$(TARGET_NAME:c99extidentifier)";
				SKIP_INSTALL = YES;
				SWIFT_EMIT_LOC_STRINGS = YES;
				SWIFT_VERSION = 5.0;
				TARGETED_DEVICE_FAMILY = "1,2";
				VERSIONING_SYSTEM = "apple-generic";
				VERSION_INFO_PREFIX = "";
			};
			name = Release;
		};
		8D5A6C2628802CD8007B5277 /* Debug */ = {
			isa = XCBuildConfiguration;
			buildSettings = {
				BUNDLE_LOADER = "$(TEST_HOST)";
				CODE_SIGN_STYLE = Automatic;
				CURRENT_PROJECT_VERSION = 1;
				DEVELOPMENT_TEAM = RMFRRSQ9CJ;
				GENERATE_INFOPLIST_FILE = YES;
				MARKETING_VERSION = 1.0;
				PRODUCT_BUNDLE_IDENTIFIER = "yuhsuan.demo-combine-mvvm-modelTests";
				PRODUCT_NAME = "$(TARGET_NAME)";
				SWIFT_EMIT_LOC_STRINGS = NO;
				SWIFT_VERSION = 5.0;
				TARGETED_DEVICE_FAMILY = "1,2";
				TEST_HOST = "$(BUILT_PRODUCTS_DIR)/demo-combine-mvvm.app/demo-combine-mvvm";
			};
			name = Debug;
		};
		8D5A6C2728802CD8007B5277 /* Release */ = {
			isa = XCBuildConfiguration;
			buildSettings = {
				BUNDLE_LOADER = "$(TEST_HOST)";
				CODE_SIGN_STYLE = Automatic;
				CURRENT_PROJECT_VERSION = 1;
				DEVELOPMENT_TEAM = RMFRRSQ9CJ;
				GENERATE_INFOPLIST_FILE = YES;
				MARKETING_VERSION = 1.0;
				PRODUCT_BUNDLE_IDENTIFIER = "yuhsuan.demo-combine-mvvm-modelTests";
				PRODUCT_NAME = "$(TARGET_NAME)";
				SWIFT_EMIT_LOC_STRINGS = NO;
				SWIFT_VERSION = 5.0;
				TARGETED_DEVICE_FAMILY = "1,2";
				TEST_HOST = "$(BUILT_PRODUCTS_DIR)/demo-combine-mvvm.app/demo-combine-mvvm";
			};
			name = Release;
		};
/* End XCBuildConfiguration section */

/* Begin XCConfigurationList section */
		8D5A6BEB28802C9D007B5277 /* Build configuration list for PBXProject "demo-combine-mvvm" */ = {
			isa = XCConfigurationList;
			buildConfigurations = (
				8D5A6C0228802C9E007B5277 /* Debug */,
				8D5A6C0328802C9E007B5277 /* Release */,
			);
			defaultConfigurationIsVisible = 0;
			defaultConfigurationName = Release;
		};
		8D5A6C0428802C9E007B5277 /* Build configuration list for PBXNativeTarget "demo-combine-mvvm" */ = {
			isa = XCConfigurationList;
			buildConfigurations = (
				8D5A6C0528802C9E007B5277 /* Debug */,
				8D5A6C0628802C9E007B5277 /* Release */,
			);
			defaultConfigurationIsVisible = 0;
			defaultConfigurationName = Release;
		};
		8D5A6C2128802CD8007B5277 /* Build configuration list for PBXNativeTarget "demo-combine-mvvm-model" */ = {
			isa = XCConfigurationList;
			buildConfigurations = (
				8D5A6C2228802CD8007B5277 /* Debug */,
				8D5A6C2328802CD8007B5277 /* Release */,
			);
			defaultConfigurationIsVisible = 0;
			defaultConfigurationName = Release;
		};
		8D5A6C2528802CD8007B5277 /* Build configuration list for PBXNativeTarget "demo-combine-mvvm-modelTests" */ = {
			isa = XCConfigurationList;
			buildConfigurations = (
				8D5A6C2628802CD8007B5277 /* Debug */,
				8D5A6C2728802CD8007B5277 /* Release */,
			);
			defaultConfigurationIsVisible = 0;
			defaultConfigurationName = Release;
		};
/* End XCConfigurationList section */
	};
	rootObject = 8D5A6BE828802C9D007B5277 /* Project object */;
}
